uuid: 33b39ba8-74dd-4929-b19a-921681cc2caa
langcode: en
status: true
dependencies:
  module:
    - atlas_multistep_login
    - system
    - user
  theme:
    - yorkshire
id: yorkshire_multisteploginblock
theme: yorkshire
region: content
weight: -4
provider: null
plugin: atlas_multistep_login_block
settings:
  id: atlas_multistep_login_block
  label: 'Multi Step Login block'
  provider: atlas_multistep_login
  label_display: '0'
visibility:
  request_path:
    id: request_path
    pages: '<front>'
    negate: false
    context_mapping: {  }
  user_role:
    id: user_role
    roles:
      anonymous: anonymous
    negate: false
    context_mapping:
      user: '@user.current_user_context:current_user'
